// !$*UTF8*$!
{
	archiveVersion = 1;
	classes = {
	};
	objectVersion = 46;
	objects = {

/* Begin PBXBuildFile section */
		B14183201D05B48800EA4E3C /* ImageViewController.swift in Sources */ = {isa = PBXBuildFile; fileRef = B141831F1D05B48800EA4E3C /* ImageViewController.swift */; };
		B14183221D05B4B500EA4E3C /* DemoURL.swift in Sources */ = {isa = PBXBuildFile; fileRef = B14183211D05B4B500EA4E3C /* DemoURL.swift */; };
		B19496CF1D05ADF000D83C86 /* AppDelegate.swift in Sources */ = {isa = PBXBuildFile; fileRef = B19496CE1D05ADF000D83C86 /* AppDelegate.swift */; };
		B19496D41D05ADF000D83C86 /* Main.storyboard in Resources */ = {isa = PBXBuildFile; fileRef = B19496D21D05ADF000D83C86 /* Main.storyboard */; };
		B19496D61D05ADF000D83C86 /* Assets.xcassets in Resources */ = {isa = PBXBuildFile; fileRef = B19496D51D05ADF000D83C86 /* Assets.xcassets */; };
		B19496D91D05ADF000D83C86 /* LaunchScreen.storyboard in Resources */ = {isa = PBXBuildFile; fileRef = B19496D71D05ADF000D83C86 /* LaunchScreen.storyboard */; };
/* End PBXBuildFile section */

/* Begin PBXFileReference section */
		B141831F1D05B48800EA4E3C /* ImageViewController.swift */ = {isa = PBXFileReference; fileEncoding = 4; lastKnownFileType = sourcecode.swift; path = ImageViewController.swift; sourceTree = "<group>"; };
		B14183211D05B4B500EA4E3C /* DemoURL.swift */ = {isa = PBXFileReference; fileEncoding = 4; lastKnownFileType = sourcecode.swift; path = DemoURL.swift; sourceTree = "<group>"; };
		B19496CB1D05ADF000D83C86 /* Cassini.app */ = {isa = PBXFileReference; explicitFileType = wrapper.application; includeInIndex = 0; path = Cassini.app; sourceTree = BUILT_PRODUCTS_DIR; };
		B19496CE1D05ADF000D83C86 /* AppDelegate.swift */ = {isa = PBXFileReference; lastKnownFileType = sourcecode.swift; path = AppDelegate.swift; sourceTree = "<group>"; };
		B19496D31D05ADF000D83C86 /* Base */ = {isa = PBXFileReference; lastKnownFileType = file.storyboard; name = Base; path = Base.lproj/Main.storyboard; sourceTree = "<group>"; };
		B19496D51D05ADF000D83C86 /* Assets.xcassets */ = {isa = PBXFileReference; lastKnownFileType = folder.assetcatalog; path = Assets.xcassets; sourceTree = "<group>"; };
		B19496D81D05ADF000D83C86 /* Base */ = {isa = PBXFileReference; lastKnownFileType = file.storyboard; name = Base; path = Base.lproj/LaunchScreen.storyboard; sourceTree = "<group>"; };
		B19496DA1D05ADF000D83C86 /* Info.plist */ = {isa = PBXFileReference; lastKnownFileType = text.plist.xml; path = Info.plist; sourceTree = "<group>"; };
/* End PBXFileReference section */

/* Begin PBXFrameworksBuildPhase section */
		B19496C81D05ADF000D83C86 /* Frameworks */ = {
			isa = PBXFrameworksBuildPhase;
			buildActionMask = 2147483647;
			files = (
			);
			runOnlyForDeploymentPostprocessing = 0;
		};
/* End PBXFrameworksBuildPhase section */

/* Begin PBXGroup section */
		B19496C21D05ADF000D83C86 = {
			isa = PBXGroup;
			children = (
				B19496CD1D05ADF000D83C86 /* Cassini */,
				B19496CC1D05ADF000D83C86 /* Products */,
			);
			sourceTree = "<group>";
		};
		B19496CC1D05ADF000D83C86 /* Products */ = {
			isa = PBXGroup;
			children = (
				B19496CB1D05ADF000D83C86 /* Cassini.app */,
			);
			name = Products;
			sourceTree = "<group>";
		};
		B19496CD1D05ADF000D83C86 /* Cassini */ = {
			isa = PBXGroup;
			children = (
				B141831F1D05B48800EA4E3C /* ImageViewController.swift */,
				B19496D21D05ADF000D83C86 /* Main.storyboard */,
				B19496DA1D05ADF000D83C86 /* Info.plist */,
				B14183211D05B4B500EA4E3C /* DemoURL.swift */,
				B19496E01D05B00600D83C86 /* Supprting Files */,
			);
			path = Cassini;
			sourceTree = "<group>";
		};
		B19496E01D05B00600D83C86 /* Supprting Files */ = {
			isa = PBXGroup;
			children = (
				B19496CE1D05ADF000D83C86 /* AppDelegate.swift */,
				B19496D51D05ADF000D83C86 /* Assets.xcassets */,
				B19496D71D05ADF000D83C86 /* LaunchScreen.storyboard */,
			);
			name = "Supprting Files";
			sourceTree = "<group>";
		};
/* End PBXGroup section */

/* Begin PBXNativeTarget section */
		B19496CA1D05ADF000D83C86 /* Cassini */ = {
			isa = PBXNativeTarget;
			buildConfigurationList = B19496DD1D05ADF000D83C86 /* Build configuration list for PBXNativeTarget "Cassini" */;
			buildPhases = (
				B19496C71D05ADF000D83C86 /* Sources */,
				B19496C81D05ADF000D83C86 /* Frameworks */,
				B19496C91D05ADF000D83C86 /* Resources */,
			);
			buildRules = (
			);
			dependencies = (
			);
			name = Cassini;
			productName = Cassini;
			productReference = B19496CB1D05ADF000D83C86 /* Cassini.app */;
			productType = "com.apple.product-type.application";
		};
/* End PBXNativeTarget section */

/* Begin PBXProject section */
		B19496C31D05ADF000D83C86 /* Project object */ = {
			isa = PBXProject;
			attributes = {
				LastSwiftUpdateCheck = 0730;
				LastUpgradeCheck = 0730;
				ORGANIZATIONNAME = "H Hugo Falkman";
				TargetAttributes = {
					B19496CA1D05ADF000D83C86 = {
						CreatedOnToolsVersion = 7.3.1;
					};
				};
			};
			buildConfigurationList = B19496C61D05ADF000D83C86 /* Build configuration list for PBXProject "Cassini" */;
			compatibilityVersion = "Xcode 3.2";
			developmentRegion = English;
			hasScannedForEncodings = 0;
			knownRegions = (
				en,
				Base,
			);
			mainGroup = B19496C21D05ADF000D83C86;
			productRefGroup = B19496CC1D05ADF000D83C86 /* Products */;
			projectDirPath = "";
			projectRoot = "";
			targets = (
				B19496CA1D05ADF000D83C86 /* Cassini */,
			);
		};
/* End PBXProject section */

/* Begin PBXResourcesBuildPhase section */
		B19496C91D05ADF000D83C86 /* Resources */ = {
			isa = PBXResourcesBuildPhase;
			buildActionMask = 2147483647;
			files = (
				B19496D91D05ADF000D83C86 /* LaunchScreen.storyboard in Resources */,
				B19496D61D05ADF000D83C86 /* Assets.xcassets in Resources */,
				B19496D41D05ADF000D83C86 /* Main.storyboard in Resources */,
			);
			runOnlyForDeploymentPostprocessing = 0;
		};
/* End PBXResourcesBuildPhase section */

/* Begin PBXSourcesBuildPhase section */
		B19496C71D05ADF000D83C86 /* Sources */ = {
			isa = PBXSourcesBuildPhase;
			buildActionMask = 2147483647;
			files = (
				B14183201D05B48800EA4E3C /* ImageViewController.swift in Sources */,
				B19496CF1D05ADF000D83C86 /* AppDelegate.swift in Sources */,
				B14183221D05B4B500EA4E3C /* DemoURL.swift in Sources */,
			);
			runOnlyForDeploymentPostprocessing = 0;
		};
/* End PBXSourcesBuildPhase section */

/* Begin PBXVariantGroup section */
		B19496D21D05ADF000D83C86 /* Main.storyboard */ = {
			isa = PBXVariantGroup;
			children = (
				B19496D31D05ADF000D83C86 /* Base */,
			);
			name = Main.storyboard;
			sourceTree = "<group>";
		};
		B19496D71D05ADF000D83C86 /* LaunchScreen.storyboard */ = {
			isa = PBXVariantGroup;
			children = (
				B19496D81D05ADF000D83C86 /* Base */,
			);
			name = LaunchScreen.storyboard;
			sourceTree = "<group>";
		};
/* End PBXVariantGroup section */

/* Begin XCBuildConfiguration section */
		B19496DB1D05ADF000D83C86 /* Debug */ = {
			isa = XCBuildConfiguration;
			buildSettings = {
				ALWAYS_SEARCH_USER_PATHS = NO;
				CLANG_ANALYZER_NONNULL = YES;
				CLANG_CXX_LANGUAGE_STANDARD = "gnu++0x";
				CLANG_CXX_LIBRARY = "libc++";
				CLANG_ENABLE_MODULES = YES;
				CLANG_ENABLE_OBJC_ARC = YES;
				CLANG_WARN_BOOL_CONVERSION = YES;
				CLANG_WARN_CONSTANT_CONVERSION = YES;
				CLANG_WARN_DIRECT_OBJC_ISA_USAGE = YES_ERROR;
				CLANG_WARN_EMPTY_BODY = YES;
				CLANG_WARN_ENUM_CONVERSION = YES;
				CLANG_WARN_INT_CONVERSION = YES;
				CLANG_WARN_OBJC_ROOT_CLASS = YES_ERROR;
				CLANG_WARN_UNREACHABLE_CODE = YES;
				CLANG_WARN__DUPLICATE_METHOD_MATCH = YES;
				"CODE_SIGN_IDENTITY[sdk=iphoneos*]" = "iPhone Developer";
				COPY_PHASE_STRIP = NO;
				DEBUG_INFORMATION_FORMAT = dwarf;
				ENABLE_STRICT_OBJC_MSGSEND = YES;
				ENABLE_TESTABILITY = YES;
				GCC_C_LANGUAGE_STANDARD = gnu99;
				GCC_DYNAMIC_NO_PIC = NO;
				GCC_NO_COMMON_BLOCKS = YES;
				GCC_OPTIMIZATION_LEVEL = 0;
				GCC_PREPROCESSOR_DEFINITIONS = (
					"DEBUG=1",
					"$(inherited)",
				);
				GCC_WARN_64_TO_32_BIT_CONVERSION = YES;
				GCC_WARN_ABOUT_RETURN_TYPE = YES_ERROR;
				GCC_WARN_UNDECLARED_SELECTOR = YES;
				GCC_WARN_UNINITIALIZED_AUTOS = YES_AGGRESSIVE;
				GCC_WARN_UNUSED_FUNCTION = YES;
				GCC_WARN_UNUSED_VARIABLE = YES;
				IPHONEOS_DEPLOYMENT_TARGET = 9.3;
				MTL_ENABLE_DEBUG_INFO = YES;
				ONLY_ACTIVE_ARCH = YES;
				SDKROOT = iphoneos;
				SWIFT_OPTIMIZATION_LEVEL = "-Onone";
				TARGETED_DEVICE_FAMILY = "1,2";
			};
			name = Debug;
		};
		B19496DC1D05ADF000D83C86 /* Release */ = {
			isa = XCBuildConfiguration;
			buildSettings = {
				ALWAYS_SEARCH_USER_PATHS = NO;
				CLANG_ANALYZER_NONNULL = YES;
				CLANG_CXX_LANGUAGE_STANDARD = "gnu++0x";
				CLANG_CXX_LIBRARY = "libc++";
				CLANG_ENABLE_MODULES = YES;
				CLANG_ENABLE_OBJC_ARC = YES;
				CLANG_WARN_BOOL_CONVERSION = YES;
				CLANG_WARN_CONSTANT_CONVERSION = YES;
				CLANG_WARN_DIRECT_OBJC_ISA_USAGE = YES_ERROR;
				CLANG_WARN_EMPTY_BODY = YES;
				CLANG_WARN_ENUM_CONVERSION = YES;
				CLANG_WARN_INT_CONVERSION = YES;
				CLANG_WARN_OBJC_ROOT_CLASS = YES_ERROR;
				CLANG_WARN_UNREACHABLE_CODE = YES;
				CLANG_WARN__DUPLICATE_METHOD_MATCH = YES;
				"CODE_SIGN_IDENTITY[sdk=iphoneos*]" = "iPhone Developer";
				COPY_PHASE_STRIP = NO;
				DEBUG_INFORMATION_FORMAT = "dwarf-with-dsym";
				ENABLE_NS_ASSERTIONS = NO;
				ENABLE_STRICT_OBJC_MSGSEND = YES;
				GCC_C_LANGUAGE_STANDARD = gnu99;
				GCC_NO_COMMON_BLOCKS = YES;
				GCC_WARN_64_TO_32_BIT_CONVERSION = YES;
				GCC_WARN_ABOUT_RETURN_TYPE = YES_ERROR;
				GCC_WARN_UNDECLARED_SELECTOR = YES;
				GCC_WARN_UNINITIALIZED_AUTOS = YES_AGGRESSIVE;
				GCC_WARN_UNUSED_FUNCTION = YES;
				GCC_WARN_UNUSED_VARIABLE = YES;
				IPHONEOS_DEPLOYMENT_TARGET = 9.3;
				MTL_ENABLE_DEBUG_INFO = NO;
				SDKROOT = iphoneos;
				TARGETED_DEVICE_FAMILY = "1,2";
				VALIDATE_PRODUCT = YES;
			};
			name = Release;
		};
		B19496DE1D05ADF000D83C86 /* Debug */ = {
			isa = XCBuildConfiguration;
			buildSettings = {
				ASSETCATALOG_COMPILER_APPICON_NAME = AppIcon;
				INFOPLIST_FILE = Cassini/Info.plist;
				LD_RUNPATH_SEARCH_PATHS = "$(inherited) @executable_path/Frameworks";
				PRODUCT_BUNDLE_IDENTIFIER = com.hhugofalkman.Cassini;
				PRODUCT_NAME = "$(TARGET_NAME)";
			};
			name = Debug;
		};
		B19496DF1D05ADF000D83C86 /* Release */ = {
			isa = XCBuildConfiguration;
			buildSettings = {
				ASSETCATALOG_COMPILER_APPICON_NAME = AppIcon;
				INFOPLIST_FILE = Cassini/Info.plist;
				LD_RUNPATH_SEARCH_PATHS = "$(inherited) @executable_path/Frameworks";
				PRODUCT_BUNDLE_IDENTIFIER = com.hhugofalkman.Cassini;
				PRODUCT_NAME = "$(TARGET_NAME)";
			};
			name = Release;
		};
/* End XCBuildConfiguration section */

/* Begin XCConfigurationList section */
		B19496C61D05ADF000D83C86 /* Build configuration list for PBXProject "Cassini" */ = {
			isa = XCConfigurationList;
			buildConfigurations = (
				B19496DB1D05ADF000D83C86 /* Debug */,
				B19496DC1D05ADF000D83C86 /* Release */,
			);
			defaultConfigurationIsVisible = 0;
			defaultConfigurationName = Release;
		};
		B19496DD1D05ADF000D83C86 /* Build configuration list for PBXNativeTarget "Cassini" */ = {
			isa = XCConfigurationList;
			buildConfigurations = (
				B19496DE1D05ADF000D83C86 /* Debug */,
				B19496DF1D05ADF000D83C86 /* Release */,
			);
			defaultConfigurationIsVisible = 0;
			defaultConfigurationName = Release;
		};
/* End XCConfigurationList section */
	};
	rootObject = B19496C31D05ADF000D83C86 /* Project object */;
}
